{
    "_meta": {
        "hash": {
            "sha256": "c0d41ad78275cc9e7332986105c24486e4dba81caa1ba717b205adeb524336fc"
        },
        "pipfile-spec": 6,
        "requires": {
            "python_version": "3.6"
        },
        "sources": [
            {
                "name": "pypi",
                "url": "https://pypi.org/simple",
                "verify_ssl": true
            }
        ]
    },
    "default": {
        "discord-py": {
            "extras": [
                "voice"
            ],
            "git": "https://github.com/Rapptz/discord.py",
            "ref": "7f4c57dd5ad20b7fa10aea485f674a4bc24b9547"
        }
    },
    "develop": {}
}
